Microsoft Visual Studio Solution File, Format Version 8.00
Project("{8BC9CEB8-8B4A-11D0-8D11-00A0C91BC942}") = "libqrencode71", "libqrencode71.vcproj", "{242DCDC6-FEC0-4465-B526-EE7C490389FA}"
	ProjectSection(ProjectDependencies) = postProject
	EndProjectSection
EndProject
Project("{8BC9CEB8-8B4A-11D0-8D11-00A0C91BC942}") = "GenFile", "Samples\GenFile\GenFile.vcproj", "{11EA1BC7-D320-4D84-93E7-1976CE44024D}"
	ProjectSection(ProjectDependencies) = postProject
		{242DCDC6-FEC0-4465-B526-EE7C490389FA} = {242DCDC6-FEC0-4465-B526-EE7C490389FA}
	EndProjectSection
EndProject
Global
	GlobalSection(SolutionConfiguration) = preSolution
		Debug = Debug
		Release = Release
	EndGlobalSection
	GlobalSection(ProjectDependencies) = postSolution
	EndGlobalSection
	GlobalSection(ProjectConfiguration) = postSolution
		{242DCDC6-FEC0-4465-B526-EE7C490389FA}.Debug.ActiveCfg = Debug|Win32
		{242DCDC6-FEC0-4465-B526-EE7C490389FA}.Debug.Build.0 = Debug|Win32
		{242DCDC6-FEC0-4465-B526-EE7C490389FA}.Release.ActiveCfg = Release|Win32
		{242DCDC6-FEC0-4465-B526-EE7C490389FA}.Release.Build.0 = Release|Win32
		{11EA1BC7-D320-4D84-93E7-1976CE44024D}.Debug.ActiveCfg = Debug|Win32
		{11EA1BC7-D320-4D84-93E7-1976CE44024D}.Debug.Build.0 = Debug|Win32
		{11EA1BC7-D320-4D84-93E7-1976CE44024D}.Release.ActiveCfg = Release|Win32
		{11EA1BC7-D320-4D84-93E7-1976CE44024D}.Release.Build.0 = Release|Win32
	EndGlobalSection
	GlobalSection(ExtensibilityGlobals) = postSolution
	EndGlobalSection
	GlobalSection(ExtensibilityAddIns) = postSolution
	EndGlobalSection
EndGlobal
